
Microsoft Visual Studio Solution File, Format Version 12.00
# Visual Studio 15
VisualStudioVersion = 15.0.28307.645
MinimumVisualStudioVersion = 10.0.40219.1
Project("{9A19103F-16F7-4668-BE54-9A1E7A4F7556}") = "WebAppli", "WebAppli\WebAppli.csproj", "{88D7D4EF-3ED9-408D-B3E5-7034F4C1F3CB}"
EndProject
Project("{9A19103F-16F7-4668-BE54-9A1E7A4F7556}") = "ServicesApi", "ServicesApi\ServicesApi.csproj", "{99F091FE-540D-4F2C-B5E5-A62E41011981}"
EndProject
Project("{FAE04EC0-301F-11D3-BF4B-00C04F79EFBC}") = "netCore.UnitTest", "netCore.UnitTest\netCore.UnitTest.csproj", "{B76B5175-12BB-4801-9C91-74D597C7F89B}"
EndProject
Project("{FAE04EC0-301F-11D3-BF4B-00C04F79EFBC}") = "SelectEnum", "SelectEnum\SelectEnum.csproj", "{D1B707F6-A754-4915-B3FE-BE3E53B82618}"
EndProject
Global
	GlobalSection(SolutionConfigurationPlatforms) = preSolution
		Debug|Any CPU = Debug|Any CPU
		Release|Any CPU = Release|Any CPU
	EndGlobalSection
	GlobalSection(ProjectConfigurationPlatforms) = postSolution
		{88D7D4EF-3ED9-408D-B3E5-7034F4C1F3CB}.Debug|Any CPU.ActiveCfg = Debug|Any CPU
		{88D7D4EF-3ED9-408D-B3E5-7034F4C1F3CB}.Debug|Any CPU.Build.0 = Debug|Any CPU
		{88D7D4EF-3ED9-408D-B3E5-7034F4C1F3CB}.Release|Any CPU.ActiveCfg = Release|Any CPU
		{88D7D4EF-3ED9-408D-B3E5-7034F4C1F3CB}.Release|Any CPU.Build.0 = Release|Any CPU
		{99F091FE-540D-4F2C-B5E5-A62E41011981}.Debug|Any CPU.ActiveCfg = Debug|Any CPU
		{99F091FE-540D-4F2C-B5E5-A62E41011981}.Debug|Any CPU.Build.0 = Debug|Any CPU
		{99F091FE-540D-4F2C-B5E5-A62E41011981}.Release|Any CPU.ActiveCfg = Release|Any CPU
		{99F091FE-540D-4F2C-B5E5-A62E41011981}.Release|Any CPU.Build.0 = Release|Any CPU
		{B76B5175-12BB-4801-9C91-74D597C7F89B}.Debug|Any CPU.ActiveCfg = Debug|Any CPU
		{B76B5175-12BB-4801-9C91-74D597C7F89B}.Debug|Any CPU.Build.0 = Debug|Any CPU
		{B76B5175-12BB-4801-9C91-74D597C7F89B}.Release|Any CPU.ActiveCfg = Release|Any CPU
		{B76B5175-12BB-4801-9C91-74D597C7F89B}.Release|Any CPU.Build.0 = Release|Any CPU
		{D1B707F6-A754-4915-B3FE-BE3E53B82618}.Debug|Any CPU.ActiveCfg = Debug|Any CPU
		{D1B707F6-A754-4915-B3FE-BE3E53B82618}.Debug|Any CPU.Build.0 = Debug|Any CPU
		{D1B707F6-A754-4915-B3FE-BE3E53B82618}.Release|Any CPU.ActiveCfg = Release|Any CPU
		{D1B707F6-A754-4915-B3FE-BE3E53B82618}.Release|Any CPU.Build.0 = Release|Any CPU
	EndGlobalSection
	GlobalSection(SolutionProperties) = preSolution
		HideSolutionNode = FALSE
	EndGlobalSection
	GlobalSection(ExtensibilityGlobals) = postSolution
		SolutionGuid = {75F286B5-B660-41ED-813B-25454BA53E4A}
	EndGlobalSection
EndGlobal
